{
    "version": "0.5",
    "requires": [
        "zstd/1.5.5#1f239731dc45147c7fc2f54bfbde73df%1715599909.17",
        "zlib/1.3.1#f52e03ae3d251dec704634230cd806a2%1708593606.497",
        "xapian-core/1.4.19#f8de8e284f40b94b11dd6df4acc8321a%1721053911.733",
        "sqlite3/3.45.0#3a7911478ffd14e7acc694ac113449b6%1707810434.986",
        "rapidjson/1.1.0#9f5e39d1f4a6b67d48c6a343c4592f32%1705070241.006",
        "protobuf/3.21.12#2099e6c66fcd31b52c3afc0c096c1d02%1721234378.51",
        "poco/1.13.3#007642154974b1f81167b7a3581749aa%1713427975.298",
        "pcre2/10.42#576680686b88a4dadf6d382d6d6351d9%1719089281.966",
        "openssl/3.3.1#279e86dc2a7dded8c1fe8512e775bdb1%1721924369.561",
        "mysql-connector-cpp/9.2.0#c92fea6573e43cacf8fd68b244d54466%1741001420.878",
        "lz4/1.9.4#652b313a0444c8b1d60d1bf9e95fb0a1%1721807480.477",
        "libpq/15.4#a3354d556287c3d091c9f4d578b66ec8%1722260494.441",
        "libmysqlclient/8.1.0#ecca1993f7ce32371ef5436f3639074a%1704273465.815",
        "libiconv/1.17#73fefc1b696e069df90fd1d18aa63edd%1707122814.387",
        "expat/2.6.2#2d385d0d50eb5561006a7ff9e356656b%1710428668.414",
        "doxygen/1.13.2#99fc5f290493439ae7a1fb4809f9c407%1736841873.349",
        "bzip2/1.0.8#457c272f7da34cb9c67456dd217d36c4%1703591832.799"
    ],
    "build_requires": [
        "zlib/1.3.1#f52e03ae3d251dec704634230cd806a2%1708593606.497",
        "winflexbison/2.5.24#8dbe6c515b85557ac36c9a4d5db35244%1673044058.16",
        "strawberryperl/5.32.1.1#707032463aa0620fa17ec0d887f5fe41%1716912583.131",
        "protobuf/3.21.12#2099e6c66fcd31b52c3afc0c096c1d02%1721234378.51",
        "nasm/2.16.01#d0aebbd20ccbb6ad9c9c753ab708098c%1703986473.394",
        "msys2/cci.latest#f6bb451a181a3f452024ea43ca744061%1720711212.775",
        "cmake/3.30.5#540068cc37f1d21b42b729c82d6bcb29%1728562547.207"
    ],
    "python_requires": [],
    "config_requires": []
}